
Microsoft Visual Studio Solution File, Format Version 12.00
# Visual Studio Version 16
VisualStudioVersion = 16.0.29728.190
MinimumVisualStudioVersion = 10.0.40219.1
Project("{FAE04EC0-301F-11D3-BF4B-00C04F79EFBC}") = "UmamusumeChoicesChecker", "OpenCVSharpTest\UmamusumeChoicesChecker.csproj", "{7BFEB8F5-8DDF-4853-8A98-CF85994B7B6A}"
EndProject
Global
	GlobalSection(SolutionConfigurationPlatforms) = preSolution
		Debug|Any CPU = Debug|Any CPU
		Release|Any CPU = Release|Any CPU
	EndGlobalSection
	GlobalSection(ProjectConfigurationPlatforms) = postSolution
		{7BFEB8F5-8DDF-4853-8A98-CF85994B7B6A}.Debug|Any CPU.ActiveCfg = Debug|Any CPU
		{7BFEB8F5-8DDF-4853-8A98-CF85994B7B6A}.Debug|Any CPU.Build.0 = Debug|Any CPU
		{7BFEB8F5-8DDF-4853-8A98-CF85994B7B6A}.Release|Any CPU.ActiveCfg = Release|Any CPU
		{7BFEB8F5-8DDF-4853-8A98-CF85994B7B6A}.Release|Any CPU.Build.0 = Release|Any CPU
	EndGlobalSection
	GlobalSection(SolutionProperties) = preSolution
		HideSolutionNode = FALSE
	EndGlobalSection
	GlobalSection(ExtensibilityGlobals) = postSolution
		SolutionGuid = {D6944A1E-BA3B-49BD-B304-09C14BAD6256}
	EndGlobalSection
EndGlobal
